// !$*UTF8*$!
{
	archiveVersion = 1;
	classes = {
	};
	objectVersion = 77;
	objects = {

/* Begin PBXContainerItemProxy section */
		B9B4BA8F2E2C0C3D006BB291 /* PBXContainerItemProxy */ = {
			isa = PBXContainerItemProxy;
			containerPortal = B9B4BA6D2E2C0C3C006BB291 /* Project object */;
			proxyType = 1;
			remoteGlobalIDString = B9B4BA742E2C0C3C006BB291;
			remoteInfo = Finance;
		};
		B9B4BA992E2C0C3D006BB291 /* PBXContainerItemProxy */ = {
			isa = PBXContainerItemProxy;
			containerPortal = B9B4BA6D2E2C0C3C006BB291 /* Project object */;
			proxyType = 1;
			remoteGlobalIDString = B9B4BA742E2C0C3C006BB291;
			remoteInfo = Finance;
		};
/* End PBXContainerItemProxy section */

/* Begin PBXFileReference section */
		B9B4BA752E2C0C3C006BB291 /* Finance.app */ = {isa = PBXFileReference; explicitFileType = wrapper.application; includeInIndex = 0; path = Finance.app; sourceTree = BUILT_PRODUCTS_DIR; };
		B9B4BA8E2E2C0C3D006BB291 /* FinanceTests.xctest */ = {isa = PBXFileReference; explicitFileType = wrapper.cfbundle; includeInIndex = 0; path = FinanceTests.xctest; sourceTree = BUILT_PRODUCTS_DIR; };
		B9B4BA982E2C0C3D006BB291 /* FinanceUITests.xctest */ = {isa = PBXFileReference; explicitFileType = wrapper.cfbundle; includeInIndex = 0; path = FinanceUITests.xctest; sourceTree = BUILT_PRODUCTS_DIR; };
/* End PBXFileReference section */

/* Begin PBXFileSystemSynchronizedBuildFileExceptionSet section */
		B9B4BAA02E2C0C3D006BB291 /* Exceptions for "Finance" folder in "Finance" target */ = {
			isa = PBXFileSystemSynchronizedBuildFileExceptionSet;
			membershipExceptions = (
				Info.plist,
			);
			target = B9B4BA742E2C0C3C006BB291 /* Finance */;
		};
/* End PBXFileSystemSynchronizedBuildFileExceptionSet section */

/* Begin PBXFileSystemSynchronizedRootGroup section */
		B9B4BA772E2C0C3C006BB291 /* Finance */ = {
			isa = PBXFileSystemSynchronizedRootGroup;
			exceptions = (
				B9B4BAA02E2C0C3D006BB291 /* Exceptions for "Finance" folder in "Finance" target */,
			);
			path = Finance;
			sourceTree = "<group>";
		};
		B9B4BA912E2C0C3D006BB291 /* FinanceTests */ = {
			isa = PBXFileSystemSynchronizedRootGroup;
			path = FinanceTests;
			sourceTree = "<group>";
		};
		B9B4BA9B2E2C0C3D006BB291 /* FinanceUITests */ = {
			isa = PBXFileSystemSynchronizedRootGroup;
			path = FinanceUITests;
			sourceTree = "<group>";
		};
/* End PBXFileSystemSynchronizedRootGroup section */

/* Begin PBXFrameworksBuildPhase section */
		B9B4BA722E2C0C3C006BB291 /* Frameworks */ = {
			isa = PBXFrameworksBuildPhase;
			buildActionMask = 2147483647;
			files = (
			);
			runOnlyForDeploymentPostprocessing = 0;
		};
		B9B4BA8B2E2C0C3D006BB291 /* Frameworks */ = {
			isa = PBXFrameworksBuildPhase;
			buildActionMask = 2147483647;
			files = (
			);
			runOnlyForDeploymentPostprocessing = 0;
		};
		B9B4BA952E2C0C3D006BB291 /* Frameworks */ = {
			isa = PBXFrameworksBuildPhase;
			buildActionMask = 2147483647;
			files = (
			);
			runOnlyForDeploymentPostprocessing = 0;
		};
/* End PBXFrameworksBuildPhase section */

/* Begin PBXGroup section */
		B9B4BA6C2E2C0C3C006BB291 = {
			isa = PBXGroup;
			children = (
				B9B4BA772E2C0C3C006BB291 /* Finance */,
				B9B4BA912E2C0C3D006BB291 /* FinanceTests */,
				B9B4BA9B2E2C0C3D006BB291 /* FinanceUITests */,
				B9B4BA762E2C0C3C006BB291 /* Products */,
			);
			sourceTree = "<group>";
		};
		B9B4BA762E2C0C3C006BB291 /* Products */ = {
			isa = PBXGroup;
			children = (
				B9B4BA752E2C0C3C006BB291 /* Finance.app */,
				B9B4BA8E2E2C0C3D006BB291 /* FinanceTests.xctest */,
				B9B4BA982E2C0C3D006BB291 /* FinanceUITests.xctest */,
			);
			name = Products;
			sourceTree = "<group>";
		};
/* End PBXGroup section */

/* Begin PBXNativeTarget section */
		B9B4BA742E2C0C3C006BB291 /* Finance */ = {
			isa = PBXNativeTarget;
			buildConfigurationList = B9B4BAA12E2C0C3D006BB291 /* Build configuration list for PBXNativeTarget "Finance" */;
			buildPhases = (
				B9B4BA712E2C0C3C006BB291 /* Sources */,
				B9B4BA722E2C0C3C006BB291 /* Frameworks */,
				B9B4BA732E2C0C3C006BB291 /* Resources */,
			);
			buildRules = (
			);
			dependencies = (
			);
			fileSystemSynchronizedGroups = (
				B9B4BA772E2C0C3C006BB291 /* Finance */,
			);
			name = Finance;
			packageProductDependencies = (
			);
			productName = Finance;
			productReference = B9B4BA752E2C0C3C006BB291 /* Finance.app */;
			productType = "com.apple.product-type.application";
		};
		B9B4BA8D2E2C0C3D006BB291 /* FinanceTests */ = {
			isa = PBXNativeTarget;
			buildConfigurationList = B9B4BAA62E2C0C3D006BB291 /* Build configuration list for PBXNativeTarget "FinanceTests" */;
			buildPhases = (
				B9B4BA8A2E2C0C3D006BB291 /* Sources */,
				B9B4BA8B2E2C0C3D006BB291 /* Frameworks */,
				B9B4BA8C2E2C0C3D006BB291 /* Resources */,
			);
			buildRules = (
			);
			dependencies = (
				B9B4BA902E2C0C3D006BB291 /* PBXTargetDependency */,
			);
			fileSystemSynchronizedGroups = (
				B9B4BA912E2C0C3D006BB291 /* FinanceTests */,
			);
			name = FinanceTests;
			packageProductDependencies = (
			);
			productName = FinanceTests;
			productReference = B9B4BA8E2E2C0C3D006BB291 /* FinanceTests.xctest */;
			productType = "com.apple.product-type.bundle.unit-test";
		};
		B9B4BA972E2C0C3D006BB291 /* FinanceUITests */ = {
			isa = PBXNativeTarget;
			buildConfigurationList = B9B4BAA92E2C0C3D006BB291 /* Build configuration list for PBXNativeTarget "FinanceUITests" */;
			buildPhases = (
				B9B4BA942E2C0C3D006BB291 /* Sources */,
				B9B4BA952E2C0C3D006BB291 /* Frameworks */,
				B9B4BA962E2C0C3D006BB291 /* Resources */,
			);
			buildRules = (
			);
			dependencies = (
				B9B4BA9A2E2C0C3D006BB291 /* PBXTargetDependency */,
			);
			fileSystemSynchronizedGroups = (
				B9B4BA9B2E2C0C3D006BB291 /* FinanceUITests */,
			);
			name = FinanceUITests;
			packageProductDependencies = (
			);
			productName = FinanceUITests;
			productReference = B9B4BA982E2C0C3D006BB291 /* FinanceUITests.xctest */;
			productType = "com.apple.product-type.bundle.ui-testing";
		};
/* End PBXNativeTarget section */

/* Begin PBXProject section */
		B9B4BA6D2E2C0C3C006BB291 /* Project object */ = {
			isa = PBXProject;
			attributes = {
				BuildIndependentTargetsInParallel = 1;
				LastSwiftUpdateCheck = 1640;
				LastUpgradeCheck = 1640;
				TargetAttributes = {
					B9B4BA742E2C0C3C006BB291 = {
						CreatedOnToolsVersion = 16.4;
					};
					B9B4BA8D2E2C0C3D006BB291 = {
						CreatedOnToolsVersion = 16.4;
						TestTargetID = B9B4BA742E2C0C3C006BB291;
					};
					B9B4BA972E2C0C3D006BB291 = {
						CreatedOnToolsVersion = 16.4;
						TestTargetID = B9B4BA742E2C0C3C006BB291;
					};
				};
			};
			buildConfigurationList = B9B4BA702E2C0C3C006BB291 /* Build configuration list for PBXProject "Finance" */;
			developmentRegion = en;
			hasScannedForEncodings = 0;
			knownRegions = (
				en,
				Base,
			);
			mainGroup = B9B4BA6C2E2C0C3C006BB291;
			minimizedProjectReferenceProxies = 1;
			preferredProjectObjectVersion = 77;
			productRefGroup = B9B4BA762E2C0C3C006BB291 /* Products */;
			projectDirPath = "";
			projectRoot = "";
			targets = (
				B9B4BA742E2C0C3C006BB291 /* Finance */,
				B9B4BA8D2E2C0C3D006BB291 /* FinanceTests */,
				B9B4BA972E2C0C3D006BB291 /* FinanceUITests */,
			);
		};
/* End PBXProject section */

/* Begin PBXResourcesBuildPhase section */
		B9B4BA732E2C0C3C006BB291 /* Resources */ = {
			isa = PBXResourcesBuildPhase;
			buildActionMask = 2147483647;
			files = (
			);
			runOnlyForDeploymentPostprocessing = 0;
		};
		B9B4BA8C2E2C0C3D006BB291 /* Resources */ = {
			isa = PBXResourcesBuildPhase;
			buildActionMask = 2147483647;
			files = (
			);
			runOnlyForDeploymentPostprocessing = 0;
		};
		B9B4BA962E2C0C3D006BB291 /* Resources */ = {
			isa = PBXResourcesBuildPhase;
			buildActionMask = 2147483647;
			files = (
			);
			runOnlyForDeploymentPostprocessing = 0;
		};
/* End PBXResourcesBuildPhase section */

/* Begin PBXSourcesBuildPhase section */
		B9B4BA712E2C0C3C006BB291 /* Sources */ = {
			isa = PBXSourcesBuildPhase;
			buildActionMask = 2147483647;
			files = (
			);
			runOnlyForDeploymentPostprocessing = 0;
		};
		B9B4BA8A2E2C0C3D006BB291 /* Sources */ = {
			isa = PBXSourcesBuildPhase;
			buildActionMask = 2147483647;
			files = (
			);
			runOnlyForDeploymentPostprocessing = 0;
		};
		B9B4BA942E2C0C3D006BB291 /* Sources */ = {
			isa = PBXSourcesBuildPhase;
			buildActionMask = 2147483647;
			files = (
			);
			runOnlyForDeploymentPostprocessing = 0;
		};
/* End PBXSourcesBuildPhase section */

/* Begin PBXTargetDependency section */
		B9B4BA902E2C0C3D006BB291 /* PBXTargetDependency */ = {
			isa = PBXTargetDependency;
			target = B9B4BA742E2C0C3C006BB291 /* Finance */;
			targetProxy = B9B4BA8F2E2C0C3D006BB291 /* PBXContainerItemProxy */;
		};
		B9B4BA9A2E2C0C3D006BB291 /* PBXTargetDependency */ = {
			isa = PBXTargetDependency;
			target = B9B4BA742E2C0C3C006BB291 /* Finance */;
			targetProxy = B9B4BA992E2C0C3D006BB291 /* PBXContainerItemProxy */;
		};
/* End PBXTargetDependency section */

/* Begin XCBuildConfiguration section */
		B9B4BAA22E2C0C3D006BB291 /* Debug */ = {
			isa = XCBuildConfiguration;
			buildSettings = {
				ASSETCATALOG_COMPILER_APPICON_NAME = AppIcon;
				ASSETCATALOG_COMPILER_GLOBAL_ACCENT_COLOR_NAME = AccentColor;
				CODE_SIGN_STYLE = Automatic;
				CURRENT_PROJECT_VERSION = 1;
				DEVELOPMENT_TEAM = 89FYK8L43N;
				GENERATE_INFOPLIST_FILE = YES;
				INFOPLIST_FILE = Finance/Info.plist;
				INFOPLIST_KEY_UIApplicationSupportsIndirectInputEvents = YES;
				INFOPLIST_KEY_UILaunchStoryboardName = LaunchScreen;
				INFOPLIST_KEY_UISupportedInterfaceOrientations_iPad = "UIInterfaceOrientationPortrait UIInterfaceOrientationPortraitUpsideDown UIInterfaceOrientationLandscapeLeft UIInterfaceOrientationLandscapeRight";
				INFOPLIST_KEY_UISupportedInterfaceOrientations_iPhone = "UIInterfaceOrientationPortrait UIInterfaceOrientationLandscapeLeft UIInterfaceOrientationLandscapeRight";
				LD_RUNPATH_SEARCH_PATHS = (
					"$(inherited)",
					"@executable_path/Frameworks",
				);
				MARKETING_VERSION = 1.0;
				PRODUCT_BUNDLE_IDENTIFIER = com.litvinova.Finance;
				PRODUCT_NAME = "$(TARGET_NAME)";
				SWIFT_EMIT_LOC_STRINGS = YES;
				SWIFT_VERSION = 5.0;
				TARGETED_DEVICE_FAMILY = "1,2";
			};
			name = Debug;
		};
		B9B4BAA32E2C0C3D006BB291 /* Release */ = {
			isa = XCBuildConfiguration;
			buildSettings = {
				ASSETCATALOG_COMPILER_APPICON_NAME = AppIcon;
				ASSETCATALOG_COMPILER_GLOBAL_ACCENT_COLOR_NAME = AccentColor;
				CODE_SIGN_STYLE = Automatic;
				CURRENT_PROJECT_VERSION = 1;
				DEVELOPMENT_TEAM = 89FYK8L43N;
				GENERATE_INFOPLIST_FILE = YES;
				INFOPLIST_FILE = Finance/Info.plist;
				INFOPLIST_KEY_UIApplicationSupportsIndirectInputEvents = YES;
				INFOPLIST_KEY_UILaunchStoryboardName = LaunchScreen;
				INFOPLIST_KEY_UISupportedInterfaceOrientations_iPad = "UIInterfaceOrientationPortrait UIInterfaceOrientationPortraitUpsideDown UIInterfaceOrientationLandscapeLeft UIInterfaceOrientationLandscapeRight";
				INFOPLIST_KEY_UISupportedInterfaceOrientations_iPhone = "UIInterfaceOrientationPortrait UIInterfaceOrientationLandscapeLeft UIInterfaceOrientationLandscapeRight";
				LD_RUNPATH_SEARCH_PATHS = (
					"$(inherited)",
					"@executable_path/Frameworks",
				);
				MARKETING_VERSION = 1.0;
				PRODUCT_BUNDLE_IDENTIFIER = com.litvinova.Finance;
				PRODUCT_NAME = "$(TARGET_NAME)";
				SWIFT_EMIT_LOC_STRINGS = YES;
				SWIFT_VERSION = 5.0;
				TARGETED_DEVICE_FAMILY = "1,2";
			};
			name = Release;
		};
		B9B4BAA42E2C0C3D006BB291 /* Debug */ = {
			isa = XCBuildConfiguration;
			buildSettings = {
				ALWAYS_SEARCH_USER_PATHS = NO;
				ASSETCATALOG_COMPILER_GENERATE_SWIFT_ASSET_SYMBOL_EXTENSIONS = YES;
				CLANG_ANALYZER_NONNULL = YES;
				CLANG_ANALYZER_NUMBER_OBJECT_CONVERSION = YES_AGGRESSIVE;
				CLANG_CXX_LANGUAGE_STANDARD = "gnu++20";
				CLANG_ENABLE_MODULES = YES;
				CLANG_ENABLE_OBJC_ARC = YES;
				CLANG_ENABLE_OBJC_WEAK = YES;
				CLANG_WARN_BLOCK_CAPTURE_AUTORELEASING = YES;
				CLANG_WARN_BOOL_CONVERSION = YES;
				CLANG_WARN_COMMA = YES;
				CLANG_WARN_CONSTANT_CONVERSION = YES;
				CLANG_WARN_DEPRECATED_OBJC_IMPLEMENTATIONS = YES;
				CLANG_WARN_DIRECT_OBJC_ISA_USAGE = YES_ERROR;
				CLANG_WARN_DOCUMENTATION_COMMENTS = YES;
				CLANG_WARN_EMPTY_BODY = YES;
				CLANG_WARN_ENUM_CONVERSION = YES;
				CLANG_WARN_INFINITE_RECURSION = YES;
				CLANG_WARN_INT_CONVERSION = YES;
				CLANG_WARN_NON_LITERAL_NULL_CONVERSION = YES;
				CLANG_WARN_OBJC_IMPLICIT_RETAIN_SELF = YES;
				CLANG_WARN_OBJC_LITERAL_CONVERSION = YES;
				CLANG_WARN_OBJC_ROOT_CLASS = YES_ERROR;
				CLANG_WARN_QUOTED_INCLUDE_IN_FRAMEWORK_HEADER = YES;
				CLANG_WARN_RANGE_LOOP_ANALYSIS = YES;
				CLANG_WARN_STRICT_PROTOTYPES = YES;
				CLANG_WARN_SUSPICIOUS_MOVE = YES;
				CLANG_WARN_UNGUARDED_AVAILABILITY = YES_AGGRESSIVE;
				CLANG_WARN_UNREACHABLE_CODE = YES;
				CLANG_WARN__DUPLICATE_METHOD_MATCH = YES;
				COPY_PHASE_STRIP = NO;
				DEBUG_INFORMATION_FORMAT = dwarf;
				DEVELOPMENT_TEAM = 89FYK8L43N;
				ENABLE_STRICT_OBJC_MSGSEND = YES;
				ENABLE_TESTABILITY = YES;
				ENABLE_USER_SCRIPT_SANDBOXING = YES;
				GCC_C_LANGUAGE_STANDARD = gnu17;
				GCC_DYNAMIC_NO_PIC = NO;
				GCC_NO_COMMON_BLOCKS = YES;
				GCC_OPTIMIZATION_LEVEL = 0;
				GCC_PREPROCESSOR_DEFINITIONS = (
					"DEBUG=1",
					"$(inherited)",
				);
				GCC_WARN_64_TO_32_BIT_CONVERSION = YES;
				GCC_WARN_ABOUT_RETURN_TYPE = YES_ERROR;
				GCC_WARN_UNDECLARED_SELECTOR = YES;
				GCC_WARN_UNINITIALIZED_AUTOS = YES_AGGRESSIVE;
				GCC_WARN_UNUSED_FUNCTION = YES;
				GCC_WARN_UNUSED_VARIABLE = YES;
				IPHONEOS_DEPLOYMENT_TARGET = 18.5;
				LOCALIZATION_PREFERS_STRING_CATALOGS = YES;
				MTL_ENABLE_DEBUG_INFO = INCLUDE_SOURCE;
				MTL_FAST_MATH = YES;
				ONLY_ACTIVE_ARCH = YES;
				SDKROOT = iphoneos;
				SWIFT_ACTIVE_COMPILATION_CONDITIONS = "DEBUG $(inherited)";
				SWIFT_OPTIMIZATION_LEVEL = "-Onone";
			};
			name = Debug;
		};
		B9B4BAA52E2C0C3D006BB291 /* Release */ = {
			isa = XCBuildConfiguration;
			buildSettings = {
				ALWAYS_SEARCH_USER_PATHS = NO;
				ASSETCATALOG_COMPILER_GENERATE_SWIFT_ASSET_SYMBOL_EXTENSIONS = YES;
				CLANG_ANALYZER_NONNULL = YES;
				CLANG_ANALYZER_NUMBER_OBJECT_CONVERSION = YES_AGGRESSIVE;
				CLANG_CXX_LANGUAGE_STANDARD = "gnu++20";
				CLANG_ENABLE_MODULES = YES;
				CLANG_ENABLE_OBJC_ARC = YES;
				CLANG_ENABLE_OBJC_WEAK = YES;
				CLANG_WARN_BLOCK_CAPTURE_AUTORELEASING = YES;
				CLANG_WARN_BOOL_CONVERSION = YES;
				CLANG_WARN_COMMA = YES;
				CLANG_WARN_CONSTANT_CONVERSION = YES;
				CLANG_WARN_DEPRECATED_OBJC_IMPLEMENTATIONS = YES;
				CLANG_WARN_DIRECT_OBJC_ISA_USAGE = YES_ERROR;
				CLANG_WARN_DOCUMENTATION_COMMENTS = YES;
				CLANG_WARN_EMPTY_BODY = YES;
				CLANG_WARN_ENUM_CONVERSION = YES;
				CLANG_WARN_INFINITE_RECURSION = YES;
				CLANG_WARN_INT_CONVERSION = YES;
				CLANG_WARN_NON_LITERAL_NULL_CONVERSION = YES;
				CLANG_WARN_OBJC_IMPLICIT_RETAIN_SELF = YES;
				CLANG_WARN_OBJC_LITERAL_CONVERSION = YES;
				CLANG_WARN_OBJC_ROOT_CLASS = YES_ERROR;
				CLANG_WARN_QUOTED_INCLUDE_IN_FRAMEWORK_HEADER = YES;
				CLANG_WARN_RANGE_LOOP_ANALYSIS = YES;
				CLANG_WARN_STRICT_PROTOTYPES = YES;
				CLANG_WARN_SUSPICIOUS_MOVE = YES;
				CLANG_WARN_UNGUARDED_AVAILABILITY = YES_AGGRESSIVE;
				CLANG_WARN_UNREACHABLE_CODE = YES;
				CLANG_WARN__DUPLICATE_METHOD_MATCH = YES;
				COPY_PHASE_STRIP = NO;
				DEBUG_INFORMATION_FORMAT = "dwarf-with-dsym";
				DEVELOPMENT_TEAM = 89FYK8L43N;
				ENABLE_NS_ASSERTIONS = NO;
				ENABLE_STRICT_OBJC_MSGSEND = YES;
				ENABLE_USER_SCRIPT_SANDBOXING = YES;
				GCC_C_LANGUAGE_STANDARD = gnu17;
				GCC_NO_COMMON_BLOCKS = YES;
				GCC_WARN_64_TO_32_BIT_CONVERSION = YES;
				GCC_WARN_ABOUT_RETURN_TYPE = YES_ERROR;
				GCC_WARN_UNDECLARED_SELECTOR = YES;
				GCC_WARN_UNINITIALIZED_AUTOS = YES_AGGRESSIVE;
				GCC_WARN_UNUSED_FUNCTION = YES;
				GCC_WARN_UNUSED_VARIABLE = YES;
				IPHONEOS_DEPLOYMENT_TARGET = 18.5;
				LOCALIZATION_PREFERS_STRING_CATALOGS = YES;
				MTL_ENABLE_DEBUG_INFO = NO;
				MTL_FAST_MATH = YES;
				SDKROOT = iphoneos;
				SWIFT_COMPILATION_MODE = wholemodule;
				VALIDATE_PRODUCT = YES;
			};
			name = Release;
		};
		B9B4BAA72E2C0C3D006BB291 /* Debug */ = {
			isa = XCBuildConfiguration;
			buildSettings = {
				BUNDLE_LOADER = "$(TEST_HOST)";
				CODE_SIGN_STYLE = Automatic;
				CURRENT_PROJECT_VERSION = 1;
				DEVELOPMENT_TEAM = 89FYK8L43N;
				GENERATE_INFOPLIST_FILE = YES;
				IPHONEOS_DEPLOYMENT_TARGET = 18.5;
				MARKETING_VERSION = 1.0;
				PRODUCT_BUNDLE_IDENTIFIER = com.litvinova.FinanceTests;
				PRODUCT_NAME = "$(TARGET_NAME)";
				SWIFT_EMIT_LOC_STRINGS = NO;
				SWIFT_VERSION = 5.0;
				TARGETED_DEVICE_FAMILY = "1,2";
				TEST_HOST = "$(BUILT_PRODUCTS_DIR)/Finance.app/$(BUNDLE_EXECUTABLE_FOLDER_PATH)/Finance";
			};
			name = Debug;
		};
		B9B4BAA82E2C0C3D006BB291 /* Release */ = {
			isa = XCBuildConfiguration;
			buildSettings = {
				BUNDLE_LOADER = "$(TEST_HOST)";
				CODE_SIGN_STYLE = Automatic;
				CURRENT_PROJECT_VERSION = 1;
				DEVELOPMENT_TEAM = 89FYK8L43N;
				GENERATE_INFOPLIST_FILE = YES;
				IPHONEOS_DEPLOYMENT_TARGET = 18.5;
				MARKETING_VERSION = 1.0;
				PRODUCT_BUNDLE_IDENTIFIER = com.litvinova.FinanceTests;
				PRODUCT_NAME = "$(TARGET_NAME)";
				SWIFT_EMIT_LOC_STRINGS = NO;
				SWIFT_VERSION = 5.0;
				TARGETED_DEVICE_FAMILY = "1,2";
				TEST_HOST = "$(BUILT_PRODUCTS_DIR)/Finance.app/$(BUNDLE_EXECUTABLE_FOLDER_PATH)/Finance";
			};
			name = Release;
		};
		B9B4BAAA2E2C0C3D006BB291 /* Debug */ = {
			isa = XCBuildConfiguration;
			buildSettings = {
				CODE_SIGN_STYLE = Automatic;
				CURRENT_PROJECT_VERSION = 1;
				DEVELOPMENT_TEAM = 89FYK8L43N;
				GENERATE_INFOPLIST_FILE = YES;
				MARKETING_VERSION = 1.0;
				PRODUCT_BUNDLE_IDENTIFIER = com.litvinova.FinanceUITests;
				PRODUCT_NAME = "$(TARGET_NAME)";
				SWIFT_EMIT_LOC_STRINGS = NO;
				SWIFT_VERSION = 5.0;
				TARGETED_DEVICE_FAMILY = "1,2";
				TEST_TARGET_NAME = Finance;
			};
			name = Debug;
		};
		B9B4BAAB2E2C0C3D006BB291 /* Release */ = {
			isa = XCBuildConfiguration;
			buildSettings = {
				CODE_SIGN_STYLE = Automatic;
				CURRENT_PROJECT_VERSION = 1;
				DEVELOPMENT_TEAM = 89FYK8L43N;
				GENERATE_INFOPLIST_FILE = YES;
				MARKETING_VERSION = 1.0;
				PRODUCT_BUNDLE_IDENTIFIER = com.litvinova.FinanceUITests;
				PRODUCT_NAME = "$(TARGET_NAME)";
				SWIFT_EMIT_LOC_STRINGS = NO;
				SWIFT_VERSION = 5.0;
				TARGETED_DEVICE_FAMILY = "1,2";
				TEST_TARGET_NAME = Finance;
			};
			name = Release;
		};
/* End XCBuildConfiguration section */

/* Begin XCConfigurationList section */
		B9B4BA702E2C0C3C006BB291 /* Build configuration list for PBXProject "Finance" */ = {
			isa = XCConfigurationList;
			buildConfigurations = (
				B9B4BAA42E2C0C3D006BB291 /* Debug */,
				B9B4BAA52E2C0C3D006BB291 /* Release */,
			);
			defaultConfigurationIsVisible = 0;
			defaultConfigurationName = Release;
		};
		B9B4BAA12E2C0C3D006BB291 /* Build configuration list for PBXNativeTarget "Finance" */ = {
			isa = XCConfigurationList;
			buildConfigurations = (
				B9B4BAA22E2C0C3D006BB291 /* Debug */,
				B9B4BAA32E2C0C3D006BB291 /* Release */,
			);
			defaultConfigurationIsVisible = 0;
			defaultConfigurationName = Release;
		};
		B9B4BAA62E2C0C3D006BB291 /* Build configuration list for PBXNativeTarget "FinanceTests" */ = {
			isa = XCConfigurationList;
			buildConfigurations = (
				B9B4BAA72E2C0C3D006BB291 /* Debug */,
				B9B4BAA82E2C0C3D006BB291 /* Release */,
			);
			defaultConfigurationIsVisible = 0;
			defaultConfigurationName = Release;
		};
		B9B4BAA92E2C0C3D006BB291 /* Build configuration list for PBXNativeTarget "FinanceUITests" */ = {
			isa = XCConfigurationList;
			buildConfigurations = (
				B9B4BAAA2E2C0C3D006BB291 /* Debug */,
				B9B4BAAB2E2C0C3D006BB291 /* Release */,
			);
			defaultConfigurationIsVisible = 0;
			defaultConfigurationName = Release;
		};
/* End XCConfigurationList section */
	};
	rootObject = B9B4BA6D2E2C0C3C006BB291 /* Project object */;
}
